{
  "requires": true,
  "lockfileVersion": 1,
  "dependencies": {
    "gsap": {
      "version": "3.2.1",
      "resolved": "https://registry.npmjs.org/gsap/-/gsap-3.2.1.tgz",
      "integrity": "sha512-SO/xZYJCLEobrIJlwSITkaU2TOkbh5IYjpcrg0fZJty8w0ar6IIlWxpf6XxKbIm0wYLRCBShsWN7hu7h6+793A=="
    }
  }
}
